
Microsoft Visual Studio Solution File, Format Version 12.00
# Visual Studio 15
Project("{FAE04EC0-301F-11D3-BF4B-00C04F79EFBC}") = "fog Game", "Assembly-CSharp.csproj", "{7647480F-0AB1-E83A-B53E-FA01B23AA337}"
EndProject
Global
	GlobalSection(SolutionConfigurationPlatforms) = preSolution
		Debug|Any CPU = Debug|Any CPU
		Release|Any CPU = Release|Any CPU
	EndGlobalSection
	GlobalSection(ProjectConfigurationPlatforms) = postSolution
		{7647480F-0AB1-E83A-B53E-FA01B23AA337}.Debug|Any CPU.ActiveCfg = Debug|Any CPU
		{7647480F-0AB1-E83A-B53E-FA01B23AA337}.Debug|Any CPU.Build.0 = Debug|Any CPU
		{7647480F-0AB1-E83A-B53E-FA01B23AA337}.Release|Any CPU.ActiveCfg = Release|Any CPU
		{7647480F-0AB1-E83A-B53E-FA01B23AA337}.Release|Any CPU.Build.0 = Release|Any CPU
	EndGlobalSection
	GlobalSection(SolutionProperties) = preSolution
		HideSolutionNode = FALSE
	EndGlobalSection
EndGlobal
